// !$*UTF8*$!
{
	archiveVersion = 1;
	classes = {
	};
	objectVersion = 56;
	objects = {

/* Begin PBXBuildFile section */
		038FA7A62964E4150027FF34 /* AppDelegate.swift in Sources */ = {isa = PBXBuildFile; fileRef = 038FA7A52964E4150027FF34 /* AppDelegate.swift */; };
		038FA7A82964E4150027FF34 /* SceneDelegate.swift in Sources */ = {isa = PBXBuildFile; fileRef = 038FA7A72964E4150027FF34 /* SceneDelegate.swift */; };
		038FA7AA2964E4150027FF34 /* CategoriesVC.swift in Sources */ = {isa = PBXBuildFile; fileRef = 038FA7A92964E4150027FF34 /* CategoriesVC.swift */; };
		038FA7B02964E4150027FF34 /* AppDesafioChuckNorris.xcdatamodeld in Sources */ = {isa = PBXBuildFile; fileRef = 038FA7AE2964E4150027FF34 /* AppDesafioChuckNorris.xcdatamodeld */; };
		038FA7B22964E4170027FF34 /* Assets.xcassets in Resources */ = {isa = PBXBuildFile; fileRef = 038FA7B12964E4170027FF34 /* Assets.xcassets */; };
		038FA7B52964E4170027FF34 /* LaunchScreen.storyboard in Resources */ = {isa = PBXBuildFile; fileRef = 038FA7B32964E4170027FF34 /* LaunchScreen.storyboard */; };
		038FA7C02964E4170027FF34 /* AppDesafioChuckNorrisTests.swift in Sources */ = {isa = PBXBuildFile; fileRef = 038FA7BF2964E4170027FF34 /* AppDesafioChuckNorrisTests.swift */; };
		038FA7CA2964E4170027FF34 /* AppDesafioChuckNorrisUITests.swift in Sources */ = {isa = PBXBuildFile; fileRef = 038FA7C92964E4170027FF34 /* AppDesafioChuckNorrisUITests.swift */; };
		038FA7CC2964E4170027FF34 /* AppDesafioChuckNorrisUITestsLaunchTests.swift in Sources */ = {isa = PBXBuildFile; fileRef = 038FA7CB2964E4170027FF34 /* AppDesafioChuckNorrisUITestsLaunchTests.swift */; };
/* End PBXBuildFile section */

/* Begin PBXContainerItemProxy section */
		038FA7BC2964E4170027FF34 /* PBXContainerItemProxy */ = {
			isa = PBXContainerItemProxy;
			containerPortal = 038FA79A2964E4150027FF34 /* Project object */;
			proxyType = 1;
			remoteGlobalIDString = 038FA7A12964E4150027FF34;
			remoteInfo = AppDesafioChuckNorris;
		};
		038FA7C62964E4170027FF34 /* PBXContainerItemProxy */ = {
			isa = PBXContainerItemProxy;
			containerPortal = 038FA79A2964E4150027FF34 /* Project object */;
			proxyType = 1;
			remoteGlobalIDString = 038FA7A12964E4150027FF34;
			remoteInfo = AppDesafioChuckNorris;
		};
/* End PBXContainerItemProxy section */

/* Begin PBXFileReference section */
		038FA7A22964E4150027FF34 /* AppDesafioChuckNorris.app */ = {isa = PBXFileReference; explicitFileType = wrapper.application; includeInIndex = 0; path = AppDesafioChuckNorris.app; sourceTree = BUILT_PRODUCTS_DIR; };
		038FA7A52964E4150027FF34 /* AppDelegate.swift */ = {isa = PBXFileReference; lastKnownFileType = sourcecode.swift; path = AppDelegate.swift; sourceTree = "<group>"; };
		038FA7A72964E4150027FF34 /* SceneDelegate.swift */ = {isa = PBXFileReference; lastKnownFileType = sourcecode.swift; path = SceneDelegate.swift; sourceTree = "<group>"; };
		038FA7A92964E4150027FF34 /* CategoriesVC.swift */ = {isa = PBXFileReference; lastKnownFileType = sourcecode.swift; path = CategoriesVC.swift; sourceTree = "<group>"; };
		038FA7AF2964E4150027FF34 /* AppDesafioChuckNorris.xcdatamodel */ = {isa = PBXFileReference; lastKnownFileType = wrapper.xcdatamodel; path = AppDesafioChuckNorris.xcdatamodel; sourceTree = "<group>"; };
		038FA7B12964E4170027FF34 /* Assets.xcassets */ = {isa = PBXFileReference; lastKnownFileType = folder.assetcatalog; path = Assets.xcassets; sourceTree = "<group>"; };
		038FA7B42964E4170027FF34 /* Base */ = {isa = PBXFileReference; lastKnownFileType = file.storyboard; name = Base; path = Base.lproj/LaunchScreen.storyboard; sourceTree = "<group>"; };
		038FA7B62964E4170027FF34 /* Info.plist */ = {isa = PBXFileReference; lastKnownFileType = text.plist.xml; path = Info.plist; sourceTree = "<group>"; };
		038FA7BB2964E4170027FF34 /* AppDesafioChuckNorrisTests.xctest */ = {isa = PBXFileReference; explicitFileType = wrapper.cfbundle; includeInIndex = 0; path = AppDesafioChuckNorrisTests.xctest; sourceTree = BUILT_PRODUCTS_DIR; };
		038FA7BF2964E4170027FF34 /* AppDesafioChuckNorrisTests.swift */ = {isa = PBXFileReference; lastKnownFileType = sourcecode.swift; path = AppDesafioChuckNorrisTests.swift; sourceTree = "<group>"; };
		038FA7C52964E4170027FF34 /* AppDesafioChuckNorrisUITests.xctest */ = {isa = PBXFileReference; explicitFileType = wrapper.cfbundle; includeInIndex = 0; path = AppDesafioChuckNorrisUITests.xctest; sourceTree = BUILT_PRODUCTS_DIR; };
		038FA7C92964E4170027FF34 /* AppDesafioChuckNorrisUITests.swift */ = {isa = PBXFileReference; lastKnownFileType = sourcecode.swift; path = AppDesafioChuckNorrisUITests.swift; sourceTree = "<group>"; };
		038FA7CB2964E4170027FF34 /* AppDesafioChuckNorrisUITestsLaunchTests.swift */ = {isa = PBXFileReference; lastKnownFileType = sourcecode.swift; path = AppDesafioChuckNorrisUITestsLaunchTests.swift; sourceTree = "<group>"; };
/* End PBXFileReference section */

/* Begin PBXFrameworksBuildPhase section */
		038FA79F2964E4150027FF34 /* Frameworks */ = {
			isa = PBXFrameworksBuildPhase;
			buildActionMask = 2147483647;
			files = (
			);
			runOnlyForDeploymentPostprocessing = 0;
		};
		038FA7B82964E4170027FF34 /* Frameworks */ = {
			isa = PBXFrameworksBuildPhase;
			buildActionMask = 2147483647;
			files = (
			);
			runOnlyForDeploymentPostprocessing = 0;
		};
		038FA7C22964E4170027FF34 /* Frameworks */ = {
			isa = PBXFrameworksBuildPhase;
			buildActionMask = 2147483647;
			files = (
			);
			runOnlyForDeploymentPostprocessing = 0;
		};
/* End PBXFrameworksBuildPhase section */

/* Begin PBXGroup section */
		038FA7992964E4150027FF34 = {
			isa = PBXGroup;
			children = (
				038FA7A42964E4150027FF34 /* AppDesafioChuckNorris */,
				038FA7BE2964E4170027FF34 /* AppDesafioChuckNorrisTests */,
				038FA7C82964E4170027FF34 /* AppDesafioChuckNorrisUITests */,
				038FA7A32964E4150027FF34 /* Products */,
			);
			sourceTree = "<group>";
		};
		038FA7A32964E4150027FF34 /* Products */ = {
			isa = PBXGroup;
			children = (
				038FA7A22964E4150027FF34 /* AppDesafioChuckNorris.app */,
				038FA7BB2964E4170027FF34 /* AppDesafioChuckNorrisTests.xctest */,
				038FA7C52964E4170027FF34 /* AppDesafioChuckNorrisUITests.xctest */,
			);
			name = Products;
			sourceTree = "<group>";
		};
		038FA7A42964E4150027FF34 /* AppDesafioChuckNorris */ = {
			isa = PBXGroup;
			children = (
				038FA7A52964E4150027FF34 /* AppDelegate.swift */,
				038FA7A72964E4150027FF34 /* SceneDelegate.swift */,
				038FA7A92964E4150027FF34 /* CategoriesVC.swift */,
				038FA7B12964E4170027FF34 /* Assets.xcassets */,
				038FA7B32964E4170027FF34 /* LaunchScreen.storyboard */,
				038FA7B62964E4170027FF34 /* Info.plist */,
				038FA7AE2964E4150027FF34 /* AppDesafioChuckNorris.xcdatamodeld */,
			);
			path = AppDesafioChuckNorris;
			sourceTree = "<group>";
		};
		038FA7BE2964E4170027FF34 /* AppDesafioChuckNorrisTests */ = {
			isa = PBXGroup;
			children = (
				038FA7BF2964E4170027FF34 /* AppDesafioChuckNorrisTests.swift */,
			);
			path = AppDesafioChuckNorrisTests;
			sourceTree = "<group>";
		};
		038FA7C82964E4170027FF34 /* AppDesafioChuckNorrisUITests */ = {
			isa = PBXGroup;
			children = (
				038FA7C92964E4170027FF34 /* AppDesafioChuckNorrisUITests.swift */,
				038FA7CB2964E4170027FF34 /* AppDesafioChuckNorrisUITestsLaunchTests.swift */,
			);
			path = AppDesafioChuckNorrisUITests;
			sourceTree = "<group>";
		};
/* End PBXGroup section */

/* Begin PBXNativeTarget section */
		038FA7A12964E4150027FF34 /* AppDesafioChuckNorris */ = {
			isa = PBXNativeTarget;
			buildConfigurationList = 038FA7CF2964E4170027FF34 /* Build configuration list for PBXNativeTarget "AppDesafioChuckNorris" */;
			buildPhases = (
				038FA79E2964E4150027FF34 /* Sources */,
				038FA79F2964E4150027FF34 /* Frameworks */,
				038FA7A02964E4150027FF34 /* Resources */,
			);
			buildRules = (
			);
			dependencies = (
			);
			name = AppDesafioChuckNorris;
			productName = AppDesafioChuckNorris;
			productReference = 038FA7A22964E4150027FF34 /* AppDesafioChuckNorris.app */;
			productType = "com.apple.product-type.application";
		};
		038FA7BA2964E4170027FF34 /* AppDesafioChuckNorrisTests */ = {
			isa = PBXNativeTarget;
			buildConfigurationList = 038FA7D22964E4170027FF34 /* Build configuration list for PBXNativeTarget "AppDesafioChuckNorrisTests" */;
			buildPhases = (
				038FA7B72964E4170027FF34 /* Sources */,
				038FA7B82964E4170027FF34 /* Frameworks */,
				038FA7B92964E4170027FF34 /* Resources */,
			);
			buildRules = (
			);
			dependencies = (
				038FA7BD2964E4170027FF34 /* PBXTargetDependency */,
			);
			name = AppDesafioChuckNorrisTests;
			productName = AppDesafioChuckNorrisTests;
			productReference = 038FA7BB2964E4170027FF34 /* AppDesafioChuckNorrisTests.xctest */;
			productType = "com.apple.product-type.bundle.unit-test";
		};
		038FA7C42964E4170027FF34 /* AppDesafioChuckNorrisUITests */ = {
			isa = PBXNativeTarget;
			buildConfigurationList = 038FA7D52964E4170027FF34 /* Build configuration list for PBXNativeTarget "AppDesafioChuckNorrisUITests" */;
			buildPhases = (
				038FA7C12964E4170027FF34 /* Sources */,
				038FA7C22964E4170027FF34 /* Frameworks */,
				038FA7C32964E4170027FF34 /* Resources */,
			);
			buildRules = (
			);
			dependencies = (
				038FA7C72964E4170027FF34 /* PBXTargetDependency */,
			);
			name = AppDesafioChuckNorrisUITests;
			productName = AppDesafioChuckNorrisUITests;
			productReference = 038FA7C52964E4170027FF34 /* AppDesafioChuckNorrisUITests.xctest */;
			productType = "com.apple.product-type.bundle.ui-testing";
		};
/* End PBXNativeTarget section */

/* Begin PBXProject section */
		038FA79A2964E4150027FF34 /* Project object */ = {
			isa = PBXProject;
			attributes = {
				BuildIndependentTargetsInParallel = 1;
				LastSwiftUpdateCheck = 1420;
				LastUpgradeCheck = 1420;
				TargetAttributes = {
					038FA7A12964E4150027FF34 = {
						CreatedOnToolsVersion = 14.2;
					};
					038FA7BA2964E4170027FF34 = {
						CreatedOnToolsVersion = 14.2;
						TestTargetID = 038FA7A12964E4150027FF34;
					};
					038FA7C42964E4170027FF34 = {
						CreatedOnToolsVersion = 14.2;
						TestTargetID = 038FA7A12964E4150027FF34;
					};
				};
			};
			buildConfigurationList = 038FA79D2964E4150027FF34 /* Build configuration list for PBXProject "AppDesafioChuckNorris" */;
			compatibilityVersion = "Xcode 14.0";
			developmentRegion = en;
			hasScannedForEncodings = 0;
			knownRegions = (
				en,
				Base,
			);
			mainGroup = 038FA7992964E4150027FF34;
			productRefGroup = 038FA7A32964E4150027FF34 /* Products */;
			projectDirPath = "";
			projectRoot = "";
			targets = (
				038FA7A12964E4150027FF34 /* AppDesafioChuckNorris */,
				038FA7BA2964E4170027FF34 /* AppDesafioChuckNorrisTests */,
				038FA7C42964E4170027FF34 /* AppDesafioChuckNorrisUITests */,
			);
		};
/* End PBXProject section */

/* Begin PBXResourcesBuildPhase section */
		038FA7A02964E4150027FF34 /* Resources */ = {
			isa = PBXResourcesBuildPhase;
			buildActionMask = 2147483647;
			files = (
				038FA7B52964E4170027FF34 /* LaunchScreen.storyboard in Resources */,
				038FA7B22964E4170027FF34 /* Assets.xcassets in Resources */,
			);
			runOnlyForDeploymentPostprocessing = 0;
		};
		038FA7B92964E4170027FF34 /* Resources */ = {
			isa = PBXResourcesBuildPhase;
			buildActionMask = 2147483647;
			files = (
			);
			runOnlyForDeploymentPostprocessing = 0;
		};
		038FA7C32964E4170027FF34 /* Resources */ = {
			isa = PBXResourcesBuildPhase;
			buildActionMask = 2147483647;
			files = (
			);
			runOnlyForDeploymentPostprocessing = 0;
		};
/* End PBXResourcesBuildPhase section */

/* Begin PBXSourcesBuildPhase section */
		038FA79E2964E4150027FF34 /* Sources */ = {
			isa = PBXSourcesBuildPhase;
			buildActionMask = 2147483647;
			files = (
				038FA7AA2964E4150027FF34 /* CategoriesVC.swift in Sources */,
				038FA7B02964E4150027FF34 /* AppDesafioChuckNorris.xcdatamodeld in Sources */,
				038FA7A62964E4150027FF34 /* AppDelegate.swift in Sources */,
				038FA7A82964E4150027FF34 /* SceneDelegate.swift in Sources */,
			);
			runOnlyForDeploymentPostprocessing = 0;
		};
		038FA7B72964E4170027FF34 /* Sources */ = {
			isa = PBXSourcesBuildPhase;
			buildActionMask = 2147483647;
			files = (
				038FA7C02964E4170027FF34 /* AppDesafioChuckNorrisTests.swift in Sources */,
			);
			runOnlyForDeploymentPostprocessing = 0;
		};
		038FA7C12964E4170027FF34 /* Sources */ = {
			isa = PBXSourcesBuildPhase;
			buildActionMask = 2147483647;
			files = (
				038FA7CC2964E4170027FF34 /* AppDesafioChuckNorrisUITestsLaunchTests.swift in Sources */,
				038FA7CA2964E4170027FF34 /* AppDesafioChuckNorrisUITests.swift in Sources */,
			);
			runOnlyForDeploymentPostprocessing = 0;
		};
/* End PBXSourcesBuildPhase section */

/* Begin PBXTargetDependency section */
		038FA7BD2964E4170027FF34 /* PBXTargetDependency */ = {
			isa = PBXTargetDependency;
			target = 038FA7A12964E4150027FF34 /* AppDesafioChuckNorris */;
			targetProxy = 038FA7BC2964E4170027FF34 /* PBXContainerItemProxy */;
		};
		038FA7C72964E4170027FF34 /* PBXTargetDependency */ = {
			isa = PBXTargetDependency;
			target = 038FA7A12964E4150027FF34 /* AppDesafioChuckNorris */;
			targetProxy = 038FA7C62964E4170027FF34 /* PBXContainerItemProxy */;
		};
/* End PBXTargetDependency section */

/* Begin PBXVariantGroup section */
		038FA7B32964E4170027FF34 /* LaunchScreen.storyboard */ = {
			isa = PBXVariantGroup;
			children = (
				038FA7B42964E4170027FF34 /* Base */,
			);
			name = LaunchScreen.storyboard;
			sourceTree = "<group>";
		};
/* End PBXVariantGroup section */

/* Begin XCBuildConfiguration section */
		038FA7CD2964E4170027FF34 /* Debug */ = {
			isa = XCBuildConfiguration;
			buildSettings = {
				ALWAYS_SEARCH_USER_PATHS = NO;
				CLANG_ANALYZER_NONNULL = YES;
				CLANG_ANALYZER_NUMBER_OBJECT_CONVERSION = YES_AGGRESSIVE;
				CLANG_CXX_LANGUAGE_STANDARD = "gnu++20";
				CLANG_ENABLE_MODULES = YES;
				CLANG_ENABLE_OBJC_ARC = YES;
				CLANG_ENABLE_OBJC_WEAK = YES;
				CLANG_WARN_BLOCK_CAPTURE_AUTORELEASING = YES;
				CLANG_WARN_BOOL_CONVERSION = YES;
				CLANG_WARN_COMMA = YES;
				CLANG_WARN_CONSTANT_CONVERSION = YES;
				CLANG_WARN_DEPRECATED_OBJC_IMPLEMENTATIONS = YES;
				CLANG_WARN_DIRECT_OBJC_ISA_USAGE = YES_ERROR;
				CLANG_WARN_DOCUMENTATION_COMMENTS = YES;
				CLANG_WARN_EMPTY_BODY = YES;
				CLANG_WARN_ENUM_CONVERSION = YES;
				CLANG_WARN_INFINITE_RECURSION = YES;
				CLANG_WARN_INT_CONVERSION = YES;
				CLANG_WARN_NON_LITERAL_NULL_CONVERSION = YES;
				CLANG_WARN_OBJC_IMPLICIT_RETAIN_SELF = YES;
				CLANG_WARN_OBJC_LITERAL_CONVERSION = YES;
				CLANG_WARN_OBJC_ROOT_CLASS = YES_ERROR;
				CLANG_WARN_QUOTED_INCLUDE_IN_FRAMEWORK_HEADER = YES;
				CLANG_WARN_RANGE_LOOP_ANALYSIS = YES;
				CLANG_WARN_STRICT_PROTOTYPES = YES;
				CLANG_WARN_SUSPICIOUS_MOVE = YES;
				CLANG_WARN_UNGUARDED_AVAILABILITY = YES_AGGRESSIVE;
				CLANG_WARN_UNREACHABLE_CODE = YES;
				CLANG_WARN__DUPLICATE_METHOD_MATCH = YES;
				COPY_PHASE_STRIP = NO;
				DEBUG_INFORMATION_FORMAT = dwarf;
				ENABLE_STRICT_OBJC_MSGSEND = YES;
				ENABLE_TESTABILITY = YES;
				GCC_C_LANGUAGE_STANDARD = gnu11;
				GCC_DYNAMIC_NO_PIC = NO;
				GCC_NO_COMMON_BLOCKS = YES;
				GCC_OPTIMIZATION_LEVEL = 0;
				GCC_PREPROCESSOR_DEFINITIONS = (
					"DEBUG=1",
					"$(inherited)",
				);
				GCC_WARN_64_TO_32_BIT_CONVERSION = YES;
				GCC_WARN_ABOUT_RETURN_TYPE = YES_ERROR;
				GCC_WARN_UNDECLARED_SELECTOR = YES;
				GCC_WARN_UNINITIALIZED_AUTOS = YES_AGGRESSIVE;
				GCC_WARN_UNUSED_FUNCTION = YES;
				GCC_WARN_UNUSED_VARIABLE = YES;
				IPHONEOS_DEPLOYMENT_TARGET = 16.2;
				MTL_ENABLE_DEBUG_INFO = INCLUDE_SOURCE;
				MTL_FAST_MATH = YES;
				ONLY_ACTIVE_ARCH = YES;
				SDKROOT = iphoneos;
				SWIFT_ACTIVE_COMPILATION_CONDITIONS = DEBUG;
				SWIFT_OPTIMIZATION_LEVEL = "-Onone";
			};
			name = Debug;
		};
		038FA7CE2964E4170027FF34 /* Release */ = {
			isa = XCBuildConfiguration;
			buildSettings = {
				ALWAYS_SEARCH_USER_PATHS = NO;
				CLANG_ANALYZER_NONNULL = YES;
				CLANG_ANALYZER_NUMBER_OBJECT_CONVERSION = YES_AGGRESSIVE;
				CLANG_CXX_LANGUAGE_STANDARD = "gnu++20";
				CLANG_ENABLE_MODULES = YES;
				CLANG_ENABLE_OBJC_ARC = YES;
				CLANG_ENABLE_OBJC_WEAK = YES;
				CLANG_WARN_BLOCK_CAPTURE_AUTORELEASING = YES;
				CLANG_WARN_BOOL_CONVERSION = YES;
				CLANG_WARN_COMMA = YES;
				CLANG_WARN_CONSTANT_CONVERSION = YES;
				CLANG_WARN_DEPRECATED_OBJC_IMPLEMENTATIONS = YES;
				CLANG_WARN_DIRECT_OBJC_ISA_USAGE = YES_ERROR;
				CLANG_WARN_DOCUMENTATION_COMMENTS = YES;
				CLANG_WARN_EMPTY_BODY = YES;
				CLANG_WARN_ENUM_CONVERSION = YES;
				CLANG_WARN_INFINITE_RECURSION = YES;
				CLANG_WARN_INT_CONVERSION = YES;
				CLANG_WARN_NON_LITERAL_NULL_CONVERSION = YES;
				CLANG_WARN_OBJC_IMPLICIT_RETAIN_SELF = YES;
				CLANG_WARN_OBJC_LITERAL_CONVERSION = YES;
				CLANG_WARN_OBJC_ROOT_CLASS = YES_ERROR;
				CLANG_WARN_QUOTED_INCLUDE_IN_FRAMEWORK_HEADER = YES;
				CLANG_WARN_RANGE_LOOP_ANALYSIS = YES;
				CLANG_WARN_STRICT_PROTOTYPES = YES;
				CLANG_WARN_SUSPICIOUS_MOVE = YES;
				CLANG_WARN_UNGUARDED_AVAILABILITY = YES_AGGRESSIVE;
				CLANG_WARN_UNREACHABLE_CODE = YES;
				CLANG_WARN__DUPLICATE_METHOD_MATCH = YES;
				COPY_PHASE_STRIP = NO;
				DEBUG_INFORMATION_FORMAT = "dwarf-with-dsym";
				ENABLE_NS_ASSERTIONS = NO;
				ENABLE_STRICT_OBJC_MSGSEND = YES;
				GCC_C_LANGUAGE_STANDARD = gnu11;
				GCC_NO_COMMON_BLOCKS = YES;
				GCC_WARN_64_TO_32_BIT_CONVERSION = YES;
				GCC_WARN_ABOUT_RETURN_TYPE = YES_ERROR;
				GCC_WARN_UNDECLARED_SELECTOR = YES;
				GCC_WARN_UNINITIALIZED_AUTOS = YES_AGGRESSIVE;
				GCC_WARN_UNUSED_FUNCTION = YES;
				GCC_WARN_UNUSED_VARIABLE = YES;
				IPHONEOS_DEPLOYMENT_TARGET = 16.2;
				MTL_ENABLE_DEBUG_INFO = NO;
				MTL_FAST_MATH = YES;
				SDKROOT = iphoneos;
				SWIFT_COMPILATION_MODE = wholemodule;
				SWIFT_OPTIMIZATION_LEVEL = "-O";
				VALIDATE_PRODUCT = YES;
			};
			name = Release;
		};
		038FA7D02964E4170027FF34 /* Debug */ = {
			isa = XCBuildConfiguration;
			buildSettings = {
				ASSETCATALOG_COMPILER_APPICON_NAME = AppIcon;
				ASSETCATALOG_COMPILER_GLOBAL_ACCENT_COLOR_NAME = AccentColor;
				CODE_SIGN_STYLE = Automatic;
				CURRENT_PROJECT_VERSION = 1;
				DEVELOPMENT_TEAM = X24P9DA2X5;
				GENERATE_INFOPLIST_FILE = YES;
				INFOPLIST_FILE = AppDesafioChuckNorris/Info.plist;
				INFOPLIST_KEY_UIApplicationSupportsIndirectInputEvents = YES;
				INFOPLIST_KEY_UILaunchStoryboardName = LaunchScreen;
				INFOPLIST_KEY_UIMainStoryboardFile = "";
				INFOPLIST_KEY_UISupportedInterfaceOrientations_iPad = "UIInterfaceOrientationPortrait UIInterfaceOrientationPortraitUpsideDown UIInterfaceOrientationLandscapeLeft UIInterfaceOrientationLandscapeRight";
				INFOPLIST_KEY_UISupportedInterfaceOrientations_iPhone = "UIInterfaceOrientationPortrait UIInterfaceOrientationLandscapeLeft UIInterfaceOrientationLandscapeRight";
				LD_RUNPATH_SEARCH_PATHS = (
					"$(inherited)",
					"@executable_path/Frameworks",
				);
				MARKETING_VERSION = 1.0;
				PRODUCT_BUNDLE_IDENTIFIER = appDesafioChuckNorris.AppDesafioChuckNorris;
				PRODUCT_NAME = "$(TARGET_NAME)";
				SUPPORTED_PLATFORMS = "iphoneos iphonesimulator";
				SUPPORTS_MACCATALYST = NO;
				SUPPORTS_MAC_DESIGNED_FOR_IPHONE_IPAD = NO;
				SWIFT_EMIT_LOC_STRINGS = YES;
				SWIFT_VERSION = 5.0;
				TARGETED_DEVICE_FAMILY = 1;
			};
			name = Debug;
		};
		038FA7D12964E4170027FF34 /* Release */ = {
			isa = XCBuildConfiguration;
			buildSettings = {
				ASSETCATALOG_COMPILER_APPICON_NAME = AppIcon;
				ASSETCATALOG_COMPILER_GLOBAL_ACCENT_COLOR_NAME = AccentColor;
				CODE_SIGN_STYLE = Automatic;
				CURRENT_PROJECT_VERSION = 1;
				DEVELOPMENT_TEAM = X24P9DA2X5;
				GENERATE_INFOPLIST_FILE = YES;
				INFOPLIST_FILE = AppDesafioChuckNorris/Info.plist;
				INFOPLIST_KEY_UIApplicationSupportsIndirectInputEvents = YES;
				INFOPLIST_KEY_UILaunchStoryboardName = LaunchScreen;
				INFOPLIST_KEY_UIMainStoryboardFile = "";
				INFOPLIST_KEY_UISupportedInterfaceOrientations_iPad = "UIInterfaceOrientationPortrait UIInterfaceOrientationPortraitUpsideDown UIInterfaceOrientationLandscapeLeft UIInterfaceOrientationLandscapeRight";
				INFOPLIST_KEY_UISupportedInterfaceOrientations_iPhone = "UIInterfaceOrientationPortrait UIInterfaceOrientationLandscapeLeft UIInterfaceOrientationLandscapeRight";
				LD_RUNPATH_SEARCH_PATHS = (
					"$(inherited)",
					"@executable_path/Frameworks",
				);
				MARKETING_VERSION = 1.0;
				PRODUCT_BUNDLE_IDENTIFIER = appDesafioChuckNorris.AppDesafioChuckNorris;
				PRODUCT_NAME = "$(TARGET_NAME)";
				SUPPORTED_PLATFORMS = "iphoneos iphonesimulator";
				SUPPORTS_MACCATALYST = NO;
				SUPPORTS_MAC_DESIGNED_FOR_IPHONE_IPAD = NO;
				SWIFT_EMIT_LOC_STRINGS = YES;
				SWIFT_VERSION = 5.0;
				TARGETED_DEVICE_FAMILY = 1;
			};
			name = Release;
		};
		038FA7D32964E4170027FF34 /* Debug */ = {
			isa = XCBuildConfiguration;
			buildSettings = {
				ALWAYS_EMBED_SWIFT_STANDARD_LIBRARIES = YES;
				BUNDLE_LOADER = "$(TEST_HOST)";
				CODE_SIGN_STYLE = Automatic;
				CURRENT_PROJECT_VERSION = 1;
				DEVELOPMENT_TEAM = X24P9DA2X5;
				GENERATE_INFOPLIST_FILE = YES;
				IPHONEOS_DEPLOYMENT_TARGET = 16.2;
				MARKETING_VERSION = 1.0;
				PRODUCT_BUNDLE_IDENTIFIER = appDesafioChuckNorris.AppDesafioChuckNorrisTests;
				PRODUCT_NAME = "$(TARGET_NAME)";
				SWIFT_EMIT_LOC_STRINGS = NO;
				SWIFT_VERSION = 5.0;
				TARGETED_DEVICE_FAMILY = "1,2";
				TEST_HOST = "$(BUILT_PRODUCTS_DIR)/AppDesafioChuckNorris.app/$(BUNDLE_EXECUTABLE_FOLDER_PATH)/AppDesafioChuckNorris";
			};
			name = Debug;
		};
		038FA7D42964E4170027FF34 /* Release */ = {
			isa = XCBuildConfiguration;
			buildSettings = {
				ALWAYS_EMBED_SWIFT_STANDARD_LIBRARIES = YES;
				BUNDLE_LOADER = "$(TEST_HOST)";
				CODE_SIGN_STYLE = Automatic;
				CURRENT_PROJECT_VERSION = 1;
				DEVELOPMENT_TEAM = X24P9DA2X5;
				GENERATE_INFOPLIST_FILE = YES;
				IPHONEOS_DEPLOYMENT_TARGET = 16.2;
				MARKETING_VERSION = 1.0;
				PRODUCT_BUNDLE_IDENTIFIER = appDesafioChuckNorris.AppDesafioChuckNorrisTests;
				PRODUCT_NAME = "$(TARGET_NAME)";
				SWIFT_EMIT_LOC_STRINGS = NO;
				SWIFT_VERSION = 5.0;
				TARGETED_DEVICE_FAMILY = "1,2";
				TEST_HOST = "$(BUILT_PRODUCTS_DIR)/AppDesafioChuckNorris.app/$(BUNDLE_EXECUTABLE_FOLDER_PATH)/AppDesafioChuckNorris";
			};
			name = Release;
		};
		038FA7D62964E4170027FF34 /* Debug */ = {
			isa = XCBuildConfiguration;
			buildSettings = {
				ALWAYS_EMBED_SWIFT_STANDARD_LIBRARIES = YES;
				CODE_SIGN_STYLE = Automatic;
				CURRENT_PROJECT_VERSION = 1;
				DEVELOPMENT_TEAM = X24P9DA2X5;
				GENERATE_INFOPLIST_FILE = YES;
				MARKETING_VERSION = 1.0;
				PRODUCT_BUNDLE_IDENTIFIER = appDesafioChuckNorris.AppDesafioChuckNorrisUITests;
				PRODUCT_NAME = "$(TARGET_NAME)";
				SWIFT_EMIT_LOC_STRINGS = NO;
				SWIFT_VERSION = 5.0;
				TARGETED_DEVICE_FAMILY = "1,2";
				TEST_TARGET_NAME = AppDesafioChuckNorris;
			};
			name = Debug;
		};
		038FA7D72964E4170027FF34 /* Release */ = {
			isa = XCBuildConfiguration;
			buildSettings = {
				ALWAYS_EMBED_SWIFT_STANDARD_LIBRARIES = YES;
				CODE_SIGN_STYLE = Automatic;
				CURRENT_PROJECT_VERSION = 1;
				DEVELOPMENT_TEAM = X24P9DA2X5;
				GENERATE_INFOPLIST_FILE = YES;
				MARKETING_VERSION = 1.0;
				PRODUCT_BUNDLE_IDENTIFIER = appDesafioChuckNorris.AppDesafioChuckNorrisUITests;
				PRODUCT_NAME = "$(TARGET_NAME)";
				SWIFT_EMIT_LOC_STRINGS = NO;
				SWIFT_VERSION = 5.0;
				TARGETED_DEVICE_FAMILY = "1,2";
				TEST_TARGET_NAME = AppDesafioChuckNorris;
			};
			name = Release;
		};
/* End XCBuildConfiguration section */

/* Begin XCConfigurationList section */
		038FA79D2964E4150027FF34 /* Build configuration list for PBXProject "AppDesafioChuckNorris" */ = {
			isa = XCConfigurationList;
			buildConfigurations = (
				038FA7CD2964E4170027FF34 /* Debug */,
				038FA7CE2964E4170027FF34 /* Release */,
			);
			defaultConfigurationIsVisible = 0;
			defaultConfigurationName = Release;
		};
		038FA7CF2964E4170027FF34 /* Build configuration list for PBXNativeTarget "AppDesafioChuckNorris" */ = {
			isa = XCConfigurationList;
			buildConfigurations = (
				038FA7D02964E4170027FF34 /* Debug */,
				038FA7D12964E4170027FF34 /* Release */,
			);
			defaultConfigurationIsVisible = 0;
			defaultConfigurationName = Release;
		};
		038FA7D22964E4170027FF34 /* Build configuration list for PBXNativeTarget "AppDesafioChuckNorrisTests" */ = {
			isa = XCConfigurationList;
			buildConfigurations = (
				038FA7D32964E4170027FF34 /* Debug */,
				038FA7D42964E4170027FF34 /* Release */,
			);
			defaultConfigurationIsVisible = 0;
			defaultConfigurationName = Release;
		};
		038FA7D52964E4170027FF34 /* Build configuration list for PBXNativeTarget "AppDesafioChuckNorrisUITests" */ = {
			isa = XCConfigurationList;
			buildConfigurations = (
				038FA7D62964E4170027FF34 /* Debug */,
				038FA7D72964E4170027FF34 /* Release */,
			);
			defaultConfigurationIsVisible = 0;
			defaultConfigurationName = Release;
		};
/* End XCConfigurationList section */

/* Begin XCVersionGroup section */
		038FA7AE2964E4150027FF34 /* AppDesafioChuckNorris.xcdatamodeld */ = {
			isa = XCVersionGroup;
			children = (
				038FA7AF2964E4150027FF34 /* AppDesafioChuckNorris.xcdatamodel */,
			);
			currentVersion = 038FA7AF2964E4150027FF34 /* AppDesafioChuckNorris.xcdatamodel */;
			path = AppDesafioChuckNorris.xcdatamodeld;
			sourceTree = "<group>";
			versionGroupType = wrapper.xcdatamodel;
		};
/* End XCVersionGroup section */
	};
	rootObject = 038FA79A2964E4150027FF34 /* Project object */;
}
